
Microsoft Visual Studio Solution File, Format Version 12.00
# Visual Studio Version 17
VisualStudioVersion = 17.3.32804.467
MinimumVisualStudioVersion = 10.0.40219.1
Project("{FAE04EC0-301F-11D3-BF4B-00C04F79EFBC}") = "TournamentApp.Android", "TournamentApp.Android\TournamentApp.Android.csproj", "{6C0C3CE1-C90F-4355-B829-89471A278F30}"
EndProject
Project("{FAE04EC0-301F-11D3-BF4B-00C04F79EFBC}") = "TournamentApp.iOS", "TournamentApp.iOS\TournamentApp.iOS.csproj", "{928261A2-B239-4DB9-9F64-C99F9BBDC489}"
EndProject
Project("{FAE04EC0-301F-11D3-BF4B-00C04F79EFBC}") = "TournamentApp", "TournamentApp\TournamentApp.csproj", "{EA0331B5-19AC-45DC-A434-DFB859953106}"
EndProject
Project("{FAE04EC0-301F-11D3-BF4B-00C04F79EFBC}") = "UpdateData", "..\UpdateData\UpdateData.csproj", "{0063523F-093F-4718-BE6E-617024771116}"
EndProject
Global
	GlobalSection(SolutionConfigurationPlatforms) = preSolution
		Debug|Any CPU = Debug|Any CPU
		Debug|ARM = Debug|ARM
		Debug|iPhone = Debug|iPhone
		Debug|iPhoneSimulator = Debug|iPhoneSimulator
		Debug|x64 = Debug|x64
		Debug|x86 = Debug|x86
		Release|Any CPU = Release|Any CPU
		Release|ARM = Release|ARM
		Release|iPhone = Release|iPhone
		Release|iPhoneSimulator = Release|iPhoneSimulator
		Release|x64 = Release|x64
		Release|x86 = Release|x86
	EndGlobalSection
	GlobalSection(ProjectConfigurationPlatforms) = postSolution
		{6C0C3CE1-C90F-4355-B829-89471A278F30}.Debug|Any CPU.ActiveCfg = Debug|Any CPU
		{6C0C3CE1-C90F-4355-B829-89471A278F30}.Debug|Any CPU.Build.0 = Debug|Any CPU
		{6C0C3CE1-C90F-4355-B829-89471A278F30}.Debug|Any CPU.Deploy.0 = Debug|Any CPU
		{6C0C3CE1-C90F-4355-B829-89471A278F30}.Debug|ARM.ActiveCfg = Debug|Any CPU
		{6C0C3CE1-C90F-4355-B829-89471A278F30}.Debug|ARM.Build.0 = Debug|Any CPU
		{6C0C3CE1-C90F-4355-B829-89471A278F30}.Debug|ARM.Deploy.0 = Debug|Any CPU
		{6C0C3CE1-C90F-4355-B829-89471A278F30}.Debug|iPhone.ActiveCfg = Debug|Any CPU
		{6C0C3CE1-C90F-4355-B829-89471A278F30}.Debug|iPhone.Build.0 = Debug|Any CPU
		{6C0C3CE1-C90F-4355-B829-89471A278F30}.Debug|iPhone.Deploy.0 = Debug|Any CPU
		{6C0C3CE1-C90F-4355-B829-89471A278F30}.Debug|iPhoneSimulator.ActiveCfg = Debug|Any CPU
		{6C0C3CE1-C90F-4355-B829-89471A278F30}.Debug|iPhoneSimulator.Build.0 = Debug|Any CPU
		{6C0C3CE1-C90F-4355-B829-89471A278F30}.Debug|iPhoneSimulator.Deploy.0 = Debug|Any CPU
		{6C0C3CE1-C90F-4355-B829-89471A278F30}.Debug|x64.ActiveCfg = Debug|Any CPU
		{6C0C3CE1-C90F-4355-B829-89471A278F30}.Debug|x64.Build.0 = Debug|Any CPU
		{6C0C3CE1-C90F-4355-B829-89471A278F30}.Debug|x64.Deploy.0 = Debug|Any CPU
		{6C0C3CE1-C90F-4355-B829-89471A278F30}.Debug|x86.ActiveCfg = Debug|Any CPU
		{6C0C3CE1-C90F-4355-B829-89471A278F30}.Debug|x86.Build.0 = Debug|Any CPU
		{6C0C3CE1-C90F-4355-B829-89471A278F30}.Debug|x86.Deploy.0 = Debug|Any CPU
		{6C0C3CE1-C90F-4355-B829-89471A278F30}.Release|Any CPU.ActiveCfg = Release|Any CPU
		{6C0C3CE1-C90F-4355-B829-89471A278F30}.Release|Any CPU.Build.0 = Release|Any CPU
		{6C0C3CE1-C90F-4355-B829-89471A278F30}.Release|Any CPU.Deploy.0 = Release|Any CPU
		{6C0C3CE1-C90F-4355-B829-89471A278F30}.Release|ARM.ActiveCfg = Release|Any CPU
		{6C0C3CE1-C90F-4355-B829-89471A278F30}.Release|ARM.Build.0 = Release|Any CPU
		{6C0C3CE1-C90F-4355-B829-89471A278F30}.Release|ARM.Deploy.0 = Release|Any CPU
		{6C0C3CE1-C90F-4355-B829-89471A278F30}.Release|iPhone.ActiveCfg = Release|Any CPU
		{6C0C3CE1-C90F-4355-B829-89471A278F30}.Release|iPhone.Build.0 = Release|Any CPU
		{6C0C3CE1-C90F-4355-B829-89471A278F30}.Release|iPhone.Deploy.0 = Release|Any CPU
		{6C0C3CE1-C90F-4355-B829-89471A278F30}.Release|iPhoneSimulator.ActiveCfg = Release|Any CPU
		{6C0C3CE1-C90F-4355-B829-89471A278F30}.Release|iPhoneSimulator.Build.0 = Release|Any CPU
		{6C0C3CE1-C90F-4355-B829-89471A278F30}.Release|iPhoneSimulator.Deploy.0 = Release|Any CPU
		{6C0C3CE1-C90F-4355-B829-89471A278F30}.Release|x64.ActiveCfg = Release|Any CPU
		{6C0C3CE1-C90F-4355-B829-89471A278F30}.Release|x64.Build.0 = Release|Any CPU
		{6C0C3CE1-C90F-4355-B829-89471A278F30}.Release|x64.Deploy.0 = Release|Any CPU
		{6C0C3CE1-C90F-4355-B829-89471A278F30}.Release|x86.ActiveCfg = Release|Any CPU
		{6C0C3CE1-C90F-4355-B829-89471A278F30}.Release|x86.Build.0 = Release|Any CPU
		{6C0C3CE1-C90F-4355-B829-89471A278F30}.Release|x86.Deploy.0 = Release|Any CPU
		{928261A2-B239-4DB9-9F64-C99F9BBDC489}.Debug|Any CPU.ActiveCfg = Debug|iPhoneSimulator
		{928261A2-B239-4DB9-9F64-C99F9BBDC489}.Debug|Any CPU.Build.0 = Debug|iPhoneSimulator
		{928261A2-B239-4DB9-9F64-C99F9BBDC489}.Debug|Any CPU.Deploy.0 = Debug|iPhoneSimulator
		{928261A2-B239-4DB9-9F64-C99F9BBDC489}.Debug|ARM.ActiveCfg = Debug|iPhoneSimulator
		{928261A2-B239-4DB9-9F64-C99F9BBDC489}.Debug|ARM.Build.0 = Debug|iPhoneSimulator
		{928261A2-B239-4DB9-9F64-C99F9BBDC489}.Debug|ARM.Deploy.0 = Debug|iPhoneSimulator
		{928261A2-B239-4DB9-9F64-C99F9BBDC489}.Debug|iPhone.ActiveCfg = Debug|iPhone
		{928261A2-B239-4DB9-9F64-C99F9BBDC489}.Debug|iPhone.Build.0 = Debug|iPhone
		{928261A2-B239-4DB9-9F64-C99F9BBDC489}.Debug|iPhone.Deploy.0 = Debug|iPhone
		{928261A2-B239-4DB9-9F64-C99F9BBDC489}.Debug|iPhoneSimulator.ActiveCfg = Debug|iPhoneSimulator
		{928261A2-B239-4DB9-9F64-C99F9BBDC489}.Debug|iPhoneSimulator.Build.0 = Debug|iPhoneSimulator
		{928261A2-B239-4DB9-9F64-C99F9BBDC489}.Debug|iPhoneSimulator.Deploy.0 = Debug|iPhoneSimulator
		{928261A2-B239-4DB9-9F64-C99F9BBDC489}.Debug|x64.ActiveCfg = Debug|iPhone
		{928261A2-B239-4DB9-9F64-C99F9BBDC489}.Debug|x64.Build.0 = Debug|iPhone
		{928261A2-B239-4DB9-9F64-C99F9BBDC489}.Debug|x64.Deploy.0 = Debug|iPhone
		{928261A2-B239-4DB9-9F64-C99F9BBDC489}.Debug|x86.ActiveCfg = Debug|iPhoneSimulator
		{928261A2-B239-4DB9-9F64-C99F9BBDC489}.Debug|x86.Build.0 = Debug|iPhoneSimulator
		{928261A2-B239-4DB9-9F64-C99F9BBDC489}.Debug|x86.Deploy.0 = Debug|iPhoneSimulator
		{928261A2-B239-4DB9-9F64-C99F9BBDC489}.Release|Any CPU.ActiveCfg = Release|iPhoneSimulator
		{928261A2-B239-4DB9-9F64-C99F9BBDC489}.Release|Any CPU.Build.0 = Release|iPhoneSimulator
		{928261A2-B239-4DB9-9F64-C99F9BBDC489}.Release|Any CPU.Deploy.0 = Release|iPhoneSimulator
		{928261A2-B239-4DB9-9F64-C99F9BBDC489}.Release|ARM.ActiveCfg = Release|iPhoneSimulator
		{928261A2-B239-4DB9-9F64-C99F9BBDC489}.Release|ARM.Build.0 = Release|iPhoneSimulator
		{928261A2-B239-4DB9-9F64-C99F9BBDC489}.Release|ARM.Deploy.0 = Release|iPhoneSimulator
		{928261A2-B239-4DB9-9F64-C99F9BBDC489}.Release|iPhone.ActiveCfg = Release|iPhone
		{928261A2-B239-4DB9-9F64-C99F9BBDC489}.Release|iPhone.Build.0 = Release|iPhone
		{928261A2-B239-4DB9-9F64-C99F9BBDC489}.Release|iPhone.Deploy.0 = Release|iPhone
		{928261A2-B239-4DB9-9F64-C99F9BBDC489}.Release|iPhoneSimulator.ActiveCfg = Release|iPhoneSimulator
		{928261A2-B239-4DB9-9F64-C99F9BBDC489}.Release|iPhoneSimulator.Build.0 = Release|iPhoneSimulator
		{928261A2-B239-4DB9-9F64-C99F9BBDC489}.Release|iPhoneSimulator.Deploy.0 = Release|iPhoneSimulator
		{928261A2-B239-4DB9-9F64-C99F9BBDC489}.Release|x64.ActiveCfg = Release|iPhoneSimulator
		{928261A2-B239-4DB9-9F64-C99F9BBDC489}.Release|x64.Build.0 = Release|iPhoneSimulator
		{928261A2-B239-4DB9-9F64-C99F9BBDC489}.Release|x64.Deploy.0 = Release|iPhoneSimulator
		{928261A2-B239-4DB9-9F64-C99F9BBDC489}.Release|x86.ActiveCfg = Release|iPhoneSimulator
		{928261A2-B239-4DB9-9F64-C99F9BBDC489}.Release|x86.Build.0 = Release|iPhoneSimulator
		{928261A2-B239-4DB9-9F64-C99F9BBDC489}.Release|x86.Deploy.0 = Release|iPhoneSimulator
		{EA0331B5-19AC-45DC-A434-DFB859953106}.Debug|Any CPU.ActiveCfg = Debug|Any CPU
		{EA0331B5-19AC-45DC-A434-DFB859953106}.Debug|Any CPU.Build.0 = Debug|Any CPU
		{EA0331B5-19AC-45DC-A434-DFB859953106}.Debug|Any CPU.Deploy.0 = Debug|Any CPU
		{EA0331B5-19AC-45DC-A434-DFB859953106}.Debug|ARM.ActiveCfg = Debug|Any CPU
		{EA0331B5-19AC-45DC-A434-DFB859953106}.Debug|ARM.Build.0 = Debug|Any CPU
		{EA0331B5-19AC-45DC-A434-DFB859953106}.Debug|ARM.Deploy.0 = Debug|Any CPU
		{EA0331B5-19AC-45DC-A434-DFB859953106}.Debug|iPhone.ActiveCfg = Debug|Any CPU
		{EA0331B5-19AC-45DC-A434-DFB859953106}.Debug|iPhone.Build.0 = Debug|Any CPU
		{EA0331B5-19AC-45DC-A434-DFB859953106}.Debug|iPhone.Deploy.0 = Debug|Any CPU
		{EA0331B5-19AC-45DC-A434-DFB859953106}.Debug|iPhoneSimulator.ActiveCfg = Debug|Any CPU
		{EA0331B5-19AC-45DC-A434-DFB859953106}.Debug|iPhoneSimulator.Build.0 = Debug|Any CPU
		{EA0331B5-19AC-45DC-A434-DFB859953106}.Debug|iPhoneSimulator.Deploy.0 = Debug|Any CPU
		{EA0331B5-19AC-45DC-A434-DFB859953106}.Debug|x64.ActiveCfg = Debug|Any CPU
		{EA0331B5-19AC-45DC-A434-DFB859953106}.Debug|x64.Build.0 = Debug|Any CPU
		{EA0331B5-19AC-45DC-A434-DFB859953106}.Debug|x64.Deploy.0 = Debug|Any CPU
		{EA0331B5-19AC-45DC-A434-DFB859953106}.Debug|x86.ActiveCfg = Debug|Any CPU
		{EA0331B5-19AC-45DC-A434-DFB859953106}.Debug|x86.Build.0 = Debug|Any CPU
		{EA0331B5-19AC-45DC-A434-DFB859953106}.Debug|x86.Deploy.0 = Debug|Any CPU
		{EA0331B5-19AC-45DC-A434-DFB859953106}.Release|Any CPU.ActiveCfg = Release|Any CPU
		{EA0331B5-19AC-45DC-A434-DFB859953106}.Release|Any CPU.Build.0 = Release|Any CPU
		{EA0331B5-19AC-45DC-A434-DFB859953106}.Release|Any CPU.Deploy.0 = Release|Any CPU
		{EA0331B5-19AC-45DC-A434-DFB859953106}.Release|ARM.ActiveCfg = Release|Any CPU
		{EA0331B5-19AC-45DC-A434-DFB859953106}.Release|ARM.Build.0 = Release|Any CPU
		{EA0331B5-19AC-45DC-A434-DFB859953106}.Release|ARM.Deploy.0 = Release|Any CPU
		{EA0331B5-19AC-45DC-A434-DFB859953106}.Release|iPhone.ActiveCfg = Release|Any CPU
		{EA0331B5-19AC-45DC-A434-DFB859953106}.Release|iPhone.Build.0 = Release|Any CPU
		{EA0331B5-19AC-45DC-A434-DFB859953106}.Release|iPhone.Deploy.0 = Release|Any CPU
		{EA0331B5-19AC-45DC-A434-DFB859953106}.Release|iPhoneSimulator.ActiveCfg = Release|Any CPU
		{EA0331B5-19AC-45DC-A434-DFB859953106}.Release|iPhoneSimulator.Build.0 = Release|Any CPU
		{EA0331B5-19AC-45DC-A434-DFB859953106}.Release|iPhoneSimulator.Deploy.0 = Release|Any CPU
		{EA0331B5-19AC-45DC-A434-DFB859953106}.Release|x64.ActiveCfg = Release|Any CPU
		{EA0331B5-19AC-45DC-A434-DFB859953106}.Release|x64.Build.0 = Release|Any CPU
		{EA0331B5-19AC-45DC-A434-DFB859953106}.Release|x64.Deploy.0 = Release|Any CPU
		{EA0331B5-19AC-45DC-A434-DFB859953106}.Release|x86.ActiveCfg = Release|Any CPU
		{EA0331B5-19AC-45DC-A434-DFB859953106}.Release|x86.Build.0 = Release|Any CPU
		{EA0331B5-19AC-45DC-A434-DFB859953106}.Release|x86.Deploy.0 = Release|Any CPU
		{0063523F-093F-4718-BE6E-617024771116}.Debug|Any CPU.ActiveCfg = Debug|Any CPU
		{0063523F-093F-4718-BE6E-617024771116}.Debug|Any CPU.Build.0 = Debug|Any CPU
		{0063523F-093F-4718-BE6E-617024771116}.Debug|ARM.ActiveCfg = Debug|Any CPU
		{0063523F-093F-4718-BE6E-617024771116}.Debug|ARM.Build.0 = Debug|Any CPU
		{0063523F-093F-4718-BE6E-617024771116}.Debug|iPhone.ActiveCfg = Debug|Any CPU
		{0063523F-093F-4718-BE6E-617024771116}.Debug|iPhone.Build.0 = Debug|Any CPU
		{0063523F-093F-4718-BE6E-617024771116}.Debug|iPhoneSimulator.ActiveCfg = Debug|Any CPU
		{0063523F-093F-4718-BE6E-617024771116}.Debug|iPhoneSimulator.Build.0 = Debug|Any CPU
		{0063523F-093F-4718-BE6E-617024771116}.Debug|x64.ActiveCfg = Debug|Any CPU
		{0063523F-093F-4718-BE6E-617024771116}.Debug|x64.Build.0 = Debug|Any CPU
		{0063523F-093F-4718-BE6E-617024771116}.Debug|x86.ActiveCfg = Debug|Any CPU
		{0063523F-093F-4718-BE6E-617024771116}.Debug|x86.Build.0 = Debug|Any CPU
		{0063523F-093F-4718-BE6E-617024771116}.Release|Any CPU.ActiveCfg = Release|Any CPU
		{0063523F-093F-4718-BE6E-617024771116}.Release|Any CPU.Build.0 = Release|Any CPU
		{0063523F-093F-4718-BE6E-617024771116}.Release|ARM.ActiveCfg = Release|Any CPU
		{0063523F-093F-4718-BE6E-617024771116}.Release|ARM.Build.0 = Release|Any CPU
		{0063523F-093F-4718-BE6E-617024771116}.Release|iPhone.ActiveCfg = Release|Any CPU
		{0063523F-093F-4718-BE6E-617024771116}.Release|iPhone.Build.0 = Release|Any CPU
		{0063523F-093F-4718-BE6E-617024771116}.Release|iPhoneSimulator.ActiveCfg = Release|Any CPU
		{0063523F-093F-4718-BE6E-617024771116}.Release|iPhoneSimulator.Build.0 = Release|Any CPU
		{0063523F-093F-4718-BE6E-617024771116}.Release|x64.ActiveCfg = Release|Any CPU
		{0063523F-093F-4718-BE6E-617024771116}.Release|x64.Build.0 = Release|Any CPU
		{0063523F-093F-4718-BE6E-617024771116}.Release|x86.ActiveCfg = Release|Any CPU
		{0063523F-093F-4718-BE6E-617024771116}.Release|x86.Build.0 = Release|Any CPU
	EndGlobalSection
	GlobalSection(SolutionProperties) = preSolution
		HideSolutionNode = FALSE
	EndGlobalSection
	GlobalSection(ExtensibilityGlobals) = postSolution
		SolutionGuid = {50B3F42E-B6E0-4E6D-BC52-04D2AC5EA0B1}
	EndGlobalSection
EndGlobal
